
Microsoft Visual Studio Solution File, Format Version 12.00
# Visual Studio 15
VisualStudioVersion = 15.0.27130.2036
MinimumVisualStudioVersion = 10.0.40219.1
Project("{FAE04EC0-301F-11D3-BF4B-00C04F79EFBC}") = "AsyncTests", "AsyncTests\AsyncTests.csproj", "{42328D25-1340-4B15-B9B0-183F810C0E68}"
EndProject
Global
	GlobalSection(SolutionConfigurationPlatforms) = preSolution
		Debug|Any CPU = Debug|Any CPU
		Release|Any CPU = Release|Any CPU
	EndGlobalSection
	GlobalSection(ProjectConfigurationPlatforms) = postSolution
		{42328D25-1340-4B15-B9B0-183F810C0E68}.Debug|Any CPU.ActiveCfg = Debug|Any CPU
		{42328D25-1340-4B15-B9B0-183F810C0E68}.Debug|Any CPU.Build.0 = Debug|Any CPU
		{42328D25-1340-4B15-B9B0-183F810C0E68}.Release|Any CPU.ActiveCfg = Release|Any CPU
		{42328D25-1340-4B15-B9B0-183F810C0E68}.Release|Any CPU.Build.0 = Release|Any CPU
	EndGlobalSection
	GlobalSection(SolutionProperties) = preSolution
		HideSolutionNode = FALSE
	EndGlobalSection
	GlobalSection(ExtensibilityGlobals) = postSolution
		SolutionGuid = {EAF3A241-5538-4D59-AB42-D07917D2369A}
	EndGlobalSection
EndGlobal
